
Microsoft Visual Studio Solution File, Format Version 12.00
# Visual Studio Version 17
VisualStudioVersion = 17.7.34221.43
MinimumVisualStudioVersion = 10.0.40219.1
Project("{2150E333-8FDC-42A3-9474-1A3956D46DE8}") = "src", "src", "{33DC9446-690A-4B66-9A18-6DC8AF8231C9}"
EndProject
Project("{2150E333-8FDC-42A3-9474-1A3956D46DE8}") = "test", "test", "{6BC98072-475D-4B0D-9AE5-F4FA505B8F8B}"
EndProject
Project("{9A19103F-16F7-4668-BE54-9A1E7A4F7556}") = "Domain", "src\Domain\Domain.csproj", "{6398D6EE-DD4C-4DD9-A45E-9B757808E7F3}"
EndProject
Project("{9A19103F-16F7-4668-BE54-9A1E7A4F7556}") = "Application", "src\Application\Application.csproj", "{16A8F667-CA97-420D-B6CF-7D65501FFFA4}"
EndProject
Project("{9A19103F-16F7-4668-BE54-9A1E7A4F7556}") = "Infrastructure", "src\Infrastructure\Infrastructure.csproj", "{8186936D-1A5D-4904-AB82-E4C2F24E7430}"
EndProject
Project("{9A19103F-16F7-4668-BE54-9A1E7A4F7556}") = "SalesManagement.API", "SalesManagement.API\SalesManagement.API.csproj", "{D9111515-B720-4B4D-A8FA-8079BB9B927E}"
EndProject
Project("{9A19103F-16F7-4668-BE54-9A1E7A4F7556}") = "Persistence", "src\Persistence\Persistence.csproj", "{FA329229-46B5-4853-82E8-C9D4D409C7C0}"
EndProject
Project("{2150E333-8FDC-42A3-9474-1A3956D46DE8}") = "Unit", "Unit", "{7296267A-B3FE-46C7-9CBD-5BC7D57CDD47}"
EndProject
Project("{2150E333-8FDC-42A3-9474-1A3956D46DE8}") = "Domain", "Domain", "{89712F30-F165-4745-9B7C-6DF146FFCB40}"
EndProject
Project("{2150E333-8FDC-42A3-9474-1A3956D46DE8}") = "Persistence", "Persistence", "{CC6482A7-4648-4298-BA18-4079B219A0AD}"
EndProject
Project("{9A19103F-16F7-4668-BE54-9A1E7A4F7556}") = "Test.Domain", "test\unit\Test.Domain\Test.Domain.csproj", "{9348526E-4EB5-4148-AB31-675A5B23847A}"
EndProject
Project("{FAE04EC0-301F-11D3-BF4B-00C04F79EFBC}") = "Test.Persistence", "test\Unit\Persistence\Test.Persistence\Test.Persistence.csproj", "{77C7E57A-49A0-4FA2-84D7-F57558C885C7}"
EndProject
Global
	GlobalSection(SolutionConfigurationPlatforms) = preSolution
		Debug|Any CPU = Debug|Any CPU
		Release|Any CPU = Release|Any CPU
	EndGlobalSection
	GlobalSection(ProjectConfigurationPlatforms) = postSolution
		{6398D6EE-DD4C-4DD9-A45E-9B757808E7F3}.Debug|Any CPU.ActiveCfg = Debug|Any CPU
		{6398D6EE-DD4C-4DD9-A45E-9B757808E7F3}.Debug|Any CPU.Build.0 = Debug|Any CPU
		{6398D6EE-DD4C-4DD9-A45E-9B757808E7F3}.Release|Any CPU.ActiveCfg = Release|Any CPU
		{6398D6EE-DD4C-4DD9-A45E-9B757808E7F3}.Release|Any CPU.Build.0 = Release|Any CPU
		{16A8F667-CA97-420D-B6CF-7D65501FFFA4}.Debug|Any CPU.ActiveCfg = Debug|Any CPU
		{16A8F667-CA97-420D-B6CF-7D65501FFFA4}.Debug|Any CPU.Build.0 = Debug|Any CPU
		{16A8F667-CA97-420D-B6CF-7D65501FFFA4}.Release|Any CPU.ActiveCfg = Release|Any CPU
		{16A8F667-CA97-420D-B6CF-7D65501FFFA4}.Release|Any CPU.Build.0 = Release|Any CPU
		{8186936D-1A5D-4904-AB82-E4C2F24E7430}.Debug|Any CPU.ActiveCfg = Debug|Any CPU
		{8186936D-1A5D-4904-AB82-E4C2F24E7430}.Debug|Any CPU.Build.0 = Debug|Any CPU
		{8186936D-1A5D-4904-AB82-E4C2F24E7430}.Release|Any CPU.ActiveCfg = Release|Any CPU
		{8186936D-1A5D-4904-AB82-E4C2F24E7430}.Release|Any CPU.Build.0 = Release|Any CPU
		{D9111515-B720-4B4D-A8FA-8079BB9B927E}.Debug|Any CPU.ActiveCfg = Debug|Any CPU
		{D9111515-B720-4B4D-A8FA-8079BB9B927E}.Debug|Any CPU.Build.0 = Debug|Any CPU
		{D9111515-B720-4B4D-A8FA-8079BB9B927E}.Release|Any CPU.ActiveCfg = Release|Any CPU
		{D9111515-B720-4B4D-A8FA-8079BB9B927E}.Release|Any CPU.Build.0 = Release|Any CPU
		{FA329229-46B5-4853-82E8-C9D4D409C7C0}.Debug|Any CPU.ActiveCfg = Debug|Any CPU
		{FA329229-46B5-4853-82E8-C9D4D409C7C0}.Debug|Any CPU.Build.0 = Debug|Any CPU
		{FA329229-46B5-4853-82E8-C9D4D409C7C0}.Release|Any CPU.ActiveCfg = Release|Any CPU
		{FA329229-46B5-4853-82E8-C9D4D409C7C0}.Release|Any CPU.Build.0 = Release|Any CPU
		{9348526E-4EB5-4148-AB31-675A5B23847A}.Debug|Any CPU.ActiveCfg = Debug|Any CPU
		{9348526E-4EB5-4148-AB31-675A5B23847A}.Debug|Any CPU.Build.0 = Debug|Any CPU
		{9348526E-4EB5-4148-AB31-675A5B23847A}.Release|Any CPU.ActiveCfg = Release|Any CPU
		{9348526E-4EB5-4148-AB31-675A5B23847A}.Release|Any CPU.Build.0 = Release|Any CPU
		{77C7E57A-49A0-4FA2-84D7-F57558C885C7}.Debug|Any CPU.ActiveCfg = Debug|Any CPU
		{77C7E57A-49A0-4FA2-84D7-F57558C885C7}.Debug|Any CPU.Build.0 = Debug|Any CPU
		{77C7E57A-49A0-4FA2-84D7-F57558C885C7}.Release|Any CPU.ActiveCfg = Release|Any CPU
		{77C7E57A-49A0-4FA2-84D7-F57558C885C7}.Release|Any CPU.Build.0 = Release|Any CPU
	EndGlobalSection
	GlobalSection(SolutionProperties) = preSolution
		HideSolutionNode = FALSE
	EndGlobalSection
	GlobalSection(NestedProjects) = preSolution
		{6398D6EE-DD4C-4DD9-A45E-9B757808E7F3} = {33DC9446-690A-4B66-9A18-6DC8AF8231C9}
		{16A8F667-CA97-420D-B6CF-7D65501FFFA4} = {33DC9446-690A-4B66-9A18-6DC8AF8231C9}
		{8186936D-1A5D-4904-AB82-E4C2F24E7430} = {33DC9446-690A-4B66-9A18-6DC8AF8231C9}
		{D9111515-B720-4B4D-A8FA-8079BB9B927E} = {33DC9446-690A-4B66-9A18-6DC8AF8231C9}
		{FA329229-46B5-4853-82E8-C9D4D409C7C0} = {33DC9446-690A-4B66-9A18-6DC8AF8231C9}
		{7296267A-B3FE-46C7-9CBD-5BC7D57CDD47} = {6BC98072-475D-4B0D-9AE5-F4FA505B8F8B}
		{89712F30-F165-4745-9B7C-6DF146FFCB40} = {7296267A-B3FE-46C7-9CBD-5BC7D57CDD47}
		{CC6482A7-4648-4298-BA18-4079B219A0AD} = {7296267A-B3FE-46C7-9CBD-5BC7D57CDD47}
		{9348526E-4EB5-4148-AB31-675A5B23847A} = {89712F30-F165-4745-9B7C-6DF146FFCB40}
		{77C7E57A-49A0-4FA2-84D7-F57558C885C7} = {CC6482A7-4648-4298-BA18-4079B219A0AD}
	EndGlobalSection
	GlobalSection(ExtensibilityGlobals) = postSolution
		SolutionGuid = {33B1125A-AFDE-47C8-A645-4D356FF6BC64}
	EndGlobalSection
EndGlobal
